// !$*UTF8*$!
{
	archiveVersion = 1;
	classes = {
	};
	objectVersion = 51;
	objects = {

/* Begin PBXBuildFile section */
		5B1045FE23F3316A007B52A9 /* addDataViewController.swift in Sources */ = {isa = PBXBuildFile; fileRef = 5B1045FD23F3316A007B52A9 /* addDataViewController.swift */; };
		5B10460023F343A2007B52A9 /* showViewController.swift in Sources */ = {isa = PBXBuildFile; fileRef = 5B1045FF23F343A2007B52A9 /* showViewController.swift */; };
		5B10460223F343B9007B52A9 /* showTableViewCell.swift in Sources */ = {isa = PBXBuildFile; fileRef = 5B10460123F343B9007B52A9 /* showTableViewCell.swift */; };
		5B10460A23F3C6B9007B52A9 /* BMI.swift in Sources */ = {isa = PBXBuildFile; fileRef = 5B10460923F3C6B9007B52A9 /* BMI.swift */; };
		5B10460C23F3C7E4007B52A9 /* bmiViewController.swift in Sources */ = {isa = PBXBuildFile; fileRef = 5B10460B23F3C7E4007B52A9 /* bmiViewController.swift */; };
		5B10460E23F3D52B007B52A9 /* Utilities.swift in Sources */ = {isa = PBXBuildFile; fileRef = 5B10460D23F3D52B007B52A9 /* Utilities.swift */; };
		5B10461023F41BB0007B52A9 /* chooseViewController.swift in Sources */ = {isa = PBXBuildFile; fileRef = 5B10460F23F41BB0007B52A9 /* chooseViewController.swift */; };
		5B165B6623F7B14E00368964 /* Blur+functions.swift in Sources */ = {isa = PBXBuildFile; fileRef = 5B165B6523F7B14E00368964 /* Blur+functions.swift */; };
		5B165B6823F7C99800368964 /* google+sigin.swift in Sources */ = {isa = PBXBuildFile; fileRef = 5B165B6723F7C99800368964 /* google+sigin.swift */; };
		5B165B6C23F7E68900368964 /* Facebook+login.swift in Sources */ = {isa = PBXBuildFile; fileRef = 5B165B6B23F7E68900368964 /* Facebook+login.swift */; };
		5B165B6E23F7E98E00368964 /* idk in Resources */ = {isa = PBXBuildFile; fileRef = 5B165B6D23F7E98E00368964 /* idk */; };
		5B30C20A23F1AA20001C20BD /* AppDelegate.swift in Sources */ = {isa = PBXBuildFile; fileRef = 5B30C20923F1AA20001C20BD /* AppDelegate.swift */; };
		5B30C20C23F1AA20001C20BD /* SceneDelegate.swift in Sources */ = {isa = PBXBuildFile; fileRef = 5B30C20B23F1AA20001C20BD /* SceneDelegate.swift */; };
		5B30C21123F1AA20001C20BD /* Main.storyboard in Resources */ = {isa = PBXBuildFile; fileRef = 5B30C20F23F1AA20001C20BD /* Main.storyboard */; };
		5B30C21323F1AA24001C20BD /* Assets.xcassets in Resources */ = {isa = PBXBuildFile; fileRef = 5B30C21223F1AA24001C20BD /* Assets.xcassets */; };
		5B30C21623F1AA24001C20BD /* LaunchScreen.storyboard in Resources */ = {isa = PBXBuildFile; fileRef = 5B30C21423F1AA24001C20BD /* LaunchScreen.storyboard */; };
		5B30C21E23F1BE33001C20BD /* GoogleService-Info.plist in Resources */ = {isa = PBXBuildFile; fileRef = 5B30C21D23F1BE33001C20BD /* GoogleService-Info.plist */; };
		5B30C22023F30B14001C20BD /* ViewController.swift in Sources */ = {isa = PBXBuildFile; fileRef = 5B30C21F23F30B14001C20BD /* ViewController.swift */; };
		5B30C22223F30C7B001C20BD /* signupViewController.swift in Sources */ = {isa = PBXBuildFile; fileRef = 5B30C22123F30C7B001C20BD /* signupViewController.swift */; };
		5B30C22423F31C18001C20BD /* Alert+Errors+Functions.swift in Sources */ = {isa = PBXBuildFile; fileRef = 5B30C22323F31C18001C20BD /* Alert+Errors+Functions.swift */; };
		5B30C22623F322B9001C20BD /* loginViewController.swift in Sources */ = {isa = PBXBuildFile; fileRef = 5B30C22523F322B9001C20BD /* loginViewController.swift */; };
		BB0970909A08F08847A6F109 /* Pods_BMI.framework in Frameworks */ = {isa = PBXBuildFile; fileRef = 9C4CDA2DEF469BE7130E8B50 /* Pods_BMI.framework */; };
/* End PBXBuildFile section */

/* Begin PBXFileReference section */
		5B1045FD23F3316A007B52A9 /* addDataViewController.swift */ = {isa = PBXFileReference; lastKnownFileType = sourcecode.swift; path = addDataViewController.swift; sourceTree = "<group>"; };
		5B1045FF23F343A2007B52A9 /* showViewController.swift */ = {isa = PBXFileReference; lastKnownFileType = sourcecode.swift; path = showViewController.swift; sourceTree = "<group>"; };
		5B10460123F343B9007B52A9 /* showTableViewCell.swift */ = {isa = PBXFileReference; lastKnownFileType = sourcecode.swift; path = showTableViewCell.swift; sourceTree = "<group>"; };
		5B10460923F3C6B9007B52A9 /* BMI.swift */ = {isa = PBXFileReference; lastKnownFileType = sourcecode.swift; path = BMI.swift; sourceTree = "<group>"; };
		5B10460B23F3C7E4007B52A9 /* bmiViewController.swift */ = {isa = PBXFileReference; lastKnownFileType = sourcecode.swift; path = bmiViewController.swift; sourceTree = "<group>"; };
		5B10460D23F3D52B007B52A9 /* Utilities.swift */ = {isa = PBXFileReference; lastKnownFileType = sourcecode.swift; path = Utilities.swift; sourceTree = "<group>"; };
		5B10460F23F41BB0007B52A9 /* chooseViewController.swift */ = {isa = PBXFileReference; lastKnownFileType = sourcecode.swift; path = chooseViewController.swift; sourceTree = "<group>"; };
		5B165B6523F7B14E00368964 /* Blur+functions.swift */ = {isa = PBXFileReference; lastKnownFileType = sourcecode.swift; path = "Blur+functions.swift"; sourceTree = "<group>"; };
		5B165B6723F7C99800368964 /* google+sigin.swift */ = {isa = PBXFileReference; lastKnownFileType = sourcecode.swift; path = "google+sigin.swift"; sourceTree = "<group>"; };
		5B165B6B23F7E68900368964 /* Facebook+login.swift */ = {isa = PBXFileReference; lastKnownFileType = sourcecode.swift; path = "Facebook+login.swift"; sourceTree = "<group>"; };
		5B165B6D23F7E98E00368964 /* idk */ = {isa = PBXFileReference; lastKnownFileType = text; path = idk; sourceTree = "<group>"; };
		5B30C20623F1AA20001C20BD /* BMI.app */ = {isa = PBXFileReference; explicitFileType = wrapper.application; includeInIndex = 0; path = BMI.app; sourceTree = BUILT_PRODUCTS_DIR; };
		5B30C20923F1AA20001C20BD /* AppDelegate.swift */ = {isa = PBXFileReference; lastKnownFileType = sourcecode.swift; path = AppDelegate.swift; sourceTree = "<group>"; };
		5B30C20B23F1AA20001C20BD /* SceneDelegate.swift */ = {isa = PBXFileReference; lastKnownFileType = sourcecode.swift; path = SceneDelegate.swift; sourceTree = "<group>"; };
		5B30C21023F1AA20001C20BD /* Base */ = {isa = PBXFileReference; lastKnownFileType = file.storyboard; name = Base; path = Base.lproj/Main.storyboard; sourceTree = "<group>"; };
		5B30C21223F1AA24001C20BD /* Assets.xcassets */ = {isa = PBXFileReference; lastKnownFileType = folder.assetcatalog; path = Assets.xcassets; sourceTree = "<group>"; };
		5B30C21523F1AA24001C20BD /* Base */ = {isa = PBXFileReference; lastKnownFileType = file.storyboard; name = Base; path = Base.lproj/LaunchScreen.storyboard; sourceTree = "<group>"; };
		5B30C21723F1AA24001C20BD /* Info.plist */ = {isa = PBXFileReference; lastKnownFileType = text.plist.xml; path = Info.plist; sourceTree = "<group>"; };
		5B30C21D23F1BE33001C20BD /* GoogleService-Info.plist */ = {isa = PBXFileReference; fileEncoding = 4; lastKnownFileType = text.plist.xml; name = "GoogleService-Info.plist"; path = "../../../Downloads/GoogleService-Info.plist"; sourceTree = "<group>"; };
		5B30C21F23F30B14001C20BD /* ViewController.swift */ = {isa = PBXFileReference; lastKnownFileType = sourcecode.swift; path = ViewController.swift; sourceTree = "<group>"; };
		5B30C22123F30C7B001C20BD /* signupViewController.swift */ = {isa = PBXFileReference; lastKnownFileType = sourcecode.swift; path = signupViewController.swift; sourceTree = "<group>"; };
		5B30C22323F31C18001C20BD /* Alert+Errors+Functions.swift */ = {isa = PBXFileReference; lastKnownFileType = sourcecode.swift; path = "Alert+Errors+Functions.swift"; sourceTree = "<group>"; };
		5B30C22523F322B9001C20BD /* loginViewController.swift */ = {isa = PBXFileReference; lastKnownFileType = sourcecode.swift; path = loginViewController.swift; sourceTree = "<group>"; };
		9C4CDA2DEF469BE7130E8B50 /* Pods_BMI.framework */ = {isa = PBXFileReference; explicitFileType = wrapper.framework; includeInIndex = 0; path = Pods_BMI.framework; sourceTree = BUILT_PRODUCTS_DIR; };
		A13D54EDFD38EE73F267FEF7 /* Pods-BMI.release.xcconfig */ = {isa = PBXFileReference; includeInIndex = 1; lastKnownFileType = text.xcconfig; name = "Pods-BMI.release.xcconfig"; path = "Target Support Files/Pods-BMI/Pods-BMI.release.xcconfig"; sourceTree = "<group>"; };
		D287371E30CBDC24AC7347BD /* Pods-BMI.debug.xcconfig */ = {isa = PBXFileReference; includeInIndex = 1; lastKnownFileType = text.xcconfig; name = "Pods-BMI.debug.xcconfig"; path = "Target Support Files/Pods-BMI/Pods-BMI.debug.xcconfig"; sourceTree = "<group>"; };
/* End PBXFileReference section */

/* Begin PBXFrameworksBuildPhase section */
		5B30C20323F1AA20001C20BD /* Frameworks */ = {
			isa = PBXFrameworksBuildPhase;
			buildActionMask = 2147483647;
			files = (
				BB0970909A08F08847A6F109 /* Pods_BMI.framework in Frameworks */,
			);
			runOnlyForDeploymentPostprocessing = 0;
		};
/* End PBXFrameworksBuildPhase section */

/* Begin PBXGroup section */
		5B10460323F349EA007B52A9 /* Controller */ = {
			isa = PBXGroup;
			children = (
				5B30C21F23F30B14001C20BD /* ViewController.swift */,
				5B30C22123F30C7B001C20BD /* signupViewController.swift */,
				5B30C22523F322B9001C20BD /* loginViewController.swift */,
				5B1045FD23F3316A007B52A9 /* addDataViewController.swift */,
				5B1045FF23F343A2007B52A9 /* showViewController.swift */,
				5B10460B23F3C7E4007B52A9 /* bmiViewController.swift */,
				5B10460F23F41BB0007B52A9 /* chooseViewController.swift */,
			);
			path = Controller;
			sourceTree = "<group>";
		};
		5B10460423F349F4007B52A9 /* Utilities */ = {
			isa = PBXGroup;
			children = (
				5B30C22323F31C18001C20BD /* Alert+Errors+Functions.swift */,
				5B10460923F3C6B9007B52A9 /* BMI.swift */,
				5B10460D23F3D52B007B52A9 /* Utilities.swift */,
				5B165B6523F7B14E00368964 /* Blur+functions.swift */,
				5B165B6723F7C99800368964 /* google+sigin.swift */,
				5B165B6B23F7E68900368964 /* Facebook+login.swift */,
			);
			path = Utilities;
			sourceTree = "<group>";
		};
		5B10461123F42786007B52A9 /* View */ = {
			isa = PBXGroup;
			children = (
				5B10460123F343B9007B52A9 /* showTableViewCell.swift */,
			);
			path = View;
			sourceTree = "<group>";
		};
		5B30C1FD23F1AA20001C20BD = {
			isa = PBXGroup;
			children = (
				5B165B6D23F7E98E00368964 /* idk */,
				5B30C20823F1AA20001C20BD /* BMI */,
				5B30C20723F1AA20001C20BD /* Products */,
				830C5F5101891AE165E61981 /* Pods */,
				D6D816E5129AEFF32E792405 /* Frameworks */,
			);
			sourceTree = "<group>";
		};
		5B30C20723F1AA20001C20BD /* Products */ = {
			isa = PBXGroup;
			children = (
				5B30C20623F1AA20001C20BD /* BMI.app */,
			);
			name = Products;
			sourceTree = "<group>";
		};
		5B30C20823F1AA20001C20BD /* BMI */ = {
			isa = PBXGroup;
			children = (
				5B30C20923F1AA20001C20BD /* AppDelegate.swift */,
				5B30C20B23F1AA20001C20BD /* SceneDelegate.swift */,
				5B30C20F23F1AA20001C20BD /* Main.storyboard */,
				5B30C21223F1AA24001C20BD /* Assets.xcassets */,
				5B30C21423F1AA24001C20BD /* LaunchScreen.storyboard */,
				5B30C21723F1AA24001C20BD /* Info.plist */,
				5B30C21D23F1BE33001C20BD /* GoogleService-Info.plist */,
				5B10461123F42786007B52A9 /* View */,
				5B10460323F349EA007B52A9 /* Controller */,
				5B10460423F349F4007B52A9 /* Utilities */,
			);
			path = BMI;
			sourceTree = "<group>";
		};
		830C5F5101891AE165E61981 /* Pods */ = {
			isa = PBXGroup;
			children = (
				D287371E30CBDC24AC7347BD /* Pods-BMI.debug.xcconfig */,
				A13D54EDFD38EE73F267FEF7 /* Pods-BMI.release.xcconfig */,
			);
			path = Pods;
			sourceTree = "<group>";
		};
		D6D816E5129AEFF32E792405 /* Frameworks */ = {
			isa = PBXGroup;
			children = (
				9C4CDA2DEF469BE7130E8B50 /* Pods_BMI.framework */,
			);
			name = Frameworks;
			sourceTree = "<group>";
		};
/* End PBXGroup section */

/* Begin PBXNativeTarget section */
		5B30C20523F1AA20001C20BD /* BMI */ = {
			isa = PBXNativeTarget;
			buildConfigurationList = 5B30C21A23F1AA24001C20BD /* Build configuration list for PBXNativeTarget "BMI" */;
			buildPhases = (
				D09843332D33BABB0DB6B693 /* [CP] Check Pods Manifest.lock */,
				5B30C20223F1AA20001C20BD /* Sources */,
				5B30C20323F1AA20001C20BD /* Frameworks */,
				5B30C20423F1AA20001C20BD /* Resources */,
				BF8CF8E30C897E9A1F5E0864 /* [CP] Embed Pods Frameworks */,
				1A0D8F19ECBDBE6B0050DB28 /* [CP] Copy Pods Resources */,
			);
			buildRules = (
			);
			dependencies = (
			);
			name = BMI;
			productName = BMI;
			productReference = 5B30C20623F1AA20001C20BD /* BMI.app */;
			productType = "com.apple.product-type.application";
		};
/* End PBXNativeTarget section */

/* Begin PBXProject section */
		5B30C1FE23F1AA20001C20BD /* Project object */ = {
			isa = PBXProject;
			attributes = {
				LastSwiftUpdateCheck = 1130;
				LastUpgradeCheck = 1130;
				ORGANIZATIONNAME = "Aaryan Kothari";
				TargetAttributes = {
					5B30C20523F1AA20001C20BD = {
						CreatedOnToolsVersion = 11.3.1;
					};
				};
			};
			buildConfigurationList = 5B30C20123F1AA20001C20BD /* Build configuration list for PBXProject "BMI" */;
			compatibilityVersion = "Xcode 9.3";
			developmentRegion = en;
			hasScannedForEncodings = 0;
			knownRegions = (
				en,
				Base,
			);
			mainGroup = 5B30C1FD23F1AA20001C20BD;
			productRefGroup = 5B30C20723F1AA20001C20BD /* Products */;
			projectDirPath = "";
			projectRoot = "";
			targets = (
				5B30C20523F1AA20001C20BD /* BMI */,
			);
		};
/* End PBXProject section */

/* Begin PBXResourcesBuildPhase section */
		5B30C20423F1AA20001C20BD /* Resources */ = {
			isa = PBXResourcesBuildPhase;
			buildActionMask = 2147483647;
			files = (
				5B30C21623F1AA24001C20BD /* LaunchScreen.storyboard in Resources */,
				5B30C21E23F1BE33001C20BD /* GoogleService-Info.plist in Resources */,
				5B30C21323F1AA24001C20BD /* Assets.xcassets in Resources */,
				5B30C21123F1AA20001C20BD /* Main.storyboard in Resources */,
				5B165B6E23F7E98E00368964 /* idk in Resources */,
			);
			runOnlyForDeploymentPostprocessing = 0;
		};
/* End PBXResourcesBuildPhase section */

/* Begin PBXShellScriptBuildPhase section */
		1A0D8F19ECBDBE6B0050DB28 /* [CP] Copy Pods Resources */ = {
			isa = PBXShellScriptBuildPhase;
			buildActionMask = 2147483647;
			files = (
			);
			inputFileListPaths = (
				"${PODS_ROOT}/Target Support Files/Pods-BMI/Pods-BMI-resources-${CONFIGURATION}-input-files.xcfilelist",
			);
			name = "[CP] Copy Pods Resources";
			outputFileListPaths = (
				"${PODS_ROOT}/Target Support Files/Pods-BMI/Pods-BMI-resources-${CONFIGURATION}-output-files.xcfilelist",
			);
			runOnlyForDeploymentPostprocessing = 0;
			shellPath = /bin/sh;
			shellScript = "\"${PODS_ROOT}/Target Support Files/Pods-BMI/Pods-BMI-resources.sh\"\n";
			showEnvVarsInLog = 0;
		};
		BF8CF8E30C897E9A1F5E0864 /* [CP] Embed Pods Frameworks */ = {
			isa = PBXShellScriptBuildPhase;
			buildActionMask = 2147483647;
			files = (
			);
			inputFileListPaths = (
				"${PODS_ROOT}/Target Support Files/Pods-BMI/Pods-BMI-frameworks-${CONFIGURATION}-input-files.xcfilelist",
			);
			name = "[CP] Embed Pods Frameworks";
			outputFileListPaths = (
				"${PODS_ROOT}/Target Support Files/Pods-BMI/Pods-BMI-frameworks-${CONFIGURATION}-output-files.xcfilelist",
			);
			runOnlyForDeploymentPostprocessing = 0;
			shellPath = /bin/sh;
			shellScript = "\"${PODS_ROOT}/Target Support Files/Pods-BMI/Pods-BMI-frameworks.sh\"\n";
			showEnvVarsInLog = 0;
		};
		D09843332D33BABB0DB6B693 /* [CP] Check Pods Manifest.lock */ = {
			isa = PBXShellScriptBuildPhase;
			buildActionMask = 2147483647;
			files = (
			);
			inputFileListPaths = (
			);
			inputPaths = (
				"${PODS_PODFILE_DIR_PATH}/Podfile.lock",
				"${PODS_ROOT}/Manifest.lock",
			);
			name = "[CP] Check Pods Manifest.lock";
			outputFileListPaths = (
			);
			outputPaths = (
				"$(DERIVED_FILE_DIR)/Pods-BMI-checkManifestLockResult.txt",
			);
			runOnlyForDeploymentPostprocessing = 0;
			shellPath = /bin/sh;
			shellScript = "diff \"${PODS_PODFILE_DIR_PATH}/Podfile.lock\" \"${PODS_ROOT}/Manifest.lock\" > /dev/null\nif [ $? != 0 ] ; then\n    # print error to STDERR\n    echo \"error: The sandbox is not in sync with the Podfile.lock. Run 'pod install' or update your CocoaPods installation.\" >&2\n    exit 1\nfi\n# This output is used by Xcode 'outputs' to avoid re-running this script phase.\necho \"SUCCESS\" > \"${SCRIPT_OUTPUT_FILE_0}\"\n";
			showEnvVarsInLog = 0;
		};
/* End PBXShellScriptBuildPhase section */

/* Begin PBXSourcesBuildPhase section */
		5B30C20223F1AA20001C20BD /* Sources */ = {
			isa = PBXSourcesBuildPhase;
			buildActionMask = 2147483647;
			files = (
				5B30C22023F30B14001C20BD /* ViewController.swift in Sources */,
				5B10460223F343B9007B52A9 /* showTableViewCell.swift in Sources */,
				5B30C20A23F1AA20001C20BD /* AppDelegate.swift in Sources */,
				5B10460A23F3C6B9007B52A9 /* BMI.swift in Sources */,
				5B165B6C23F7E68900368964 /* Facebook+login.swift in Sources */,
				5B1045FE23F3316A007B52A9 /* addDataViewController.swift in Sources */,
				5B10460023F343A2007B52A9 /* showViewController.swift in Sources */,
				5B10460E23F3D52B007B52A9 /* Utilities.swift in Sources */,
				5B30C22623F322B9001C20BD /* loginViewController.swift in Sources */,
				5B10461023F41BB0007B52A9 /* chooseViewController.swift in Sources */,
				5B30C22423F31C18001C20BD /* Alert+Errors+Functions.swift in Sources */,
				5B30C22223F30C7B001C20BD /* signupViewController.swift in Sources */,
				5B165B6623F7B14E00368964 /* Blur+functions.swift in Sources */,
				5B10460C23F3C7E4007B52A9 /* bmiViewController.swift in Sources */,
				5B30C20C23F1AA20001C20BD /* SceneDelegate.swift in Sources */,
				5B165B6823F7C99800368964 /* google+sigin.swift in Sources */,
			);
			runOnlyForDeploymentPostprocessing = 0;
		};
/* End PBXSourcesBuildPhase section */

/* Begin PBXVariantGroup section */
		5B30C20F23F1AA20001C20BD /* Main.storyboard */ = {
			isa = PBXVariantGroup;
			children = (
				5B30C21023F1AA20001C20BD /* Base */,
			);
			name = Main.storyboard;
			sourceTree = "<group>";
		};
		5B30C21423F1AA24001C20BD /* LaunchScreen.storyboard */ = {
			isa = PBXVariantGroup;
			children = (
				5B30C21523F1AA24001C20BD /* Base */,
			);
			name = LaunchScreen.storyboard;
			sourceTree = "<group>";
		};
/* End PBXVariantGroup section */

/* Begin XCBuildConfiguration section */
		5B30C21823F1AA24001C20BD /* Debug */ = {
			isa = XCBuildConfiguration;
			buildSettings = {
				ALWAYS_SEARCH_USER_PATHS = NO;
				CLANG_ANALYZER_NONNULL = YES;
				CLANG_ANALYZER_NUMBER_OBJECT_CONVERSION = YES_AGGRESSIVE;
				CLANG_CXX_LANGUAGE_STANDARD = "gnu++14";
				CLANG_CXX_LIBRARY = "libc++";
				CLANG_ENABLE_MODULES = YES;
				CLANG_ENABLE_OBJC_ARC = YES;
				CLANG_ENABLE_OBJC_WEAK = YES;
				CLANG_WARN_BLOCK_CAPTURE_AUTORELEASING = YES;
				CLANG_WARN_BOOL_CONVERSION = YES;
				CLANG_WARN_COMMA = YES;
				CLANG_WARN_CONSTANT_CONVERSION = YES;
				CLANG_WARN_DEPRECATED_OBJC_IMPLEMENTATIONS = YES;
				CLANG_WARN_DIRECT_OBJC_ISA_USAGE = YES_ERROR;
				CLANG_WARN_DOCUMENTATION_COMMENTS = YES;
				CLANG_WARN_EMPTY_BODY = YES;
				CLANG_WARN_ENUM_CONVERSION = YES;
				CLANG_WARN_INFINITE_RECURSION = YES;
				CLANG_WARN_INT_CONVERSION = YES;
				CLANG_WARN_NON_LITERAL_NULL_CONVERSION = YES;
				CLANG_WARN_OBJC_IMPLICIT_RETAIN_SELF = YES;
				CLANG_WARN_OBJC_LITERAL_CONVERSION = YES;
				CLANG_WARN_OBJC_ROOT_CLASS = YES_ERROR;
				CLANG_WARN_RANGE_LOOP_ANALYSIS = YES;
				CLANG_WARN_STRICT_PROTOTYPES = YES;
				CLANG_WARN_SUSPICIOUS_MOVE = YES;
				CLANG_WARN_UNGUARDED_AVAILABILITY = YES_AGGRESSIVE;
				CLANG_WARN_UNREACHABLE_CODE = YES;
				CLANG_WARN__DUPLICATE_METHOD_MATCH = YES;
				COPY_PHASE_STRIP = NO;
				DEBUG_INFORMATION_FORMAT = dwarf;
				ENABLE_STRICT_OBJC_MSGSEND = YES;
				ENABLE_TESTABILITY = YES;
				GCC_C_LANGUAGE_STANDARD = gnu11;
				GCC_DYNAMIC_NO_PIC = NO;
				GCC_NO_COMMON_BLOCKS = YES;
				GCC_OPTIMIZATION_LEVEL = 0;
				GCC_PREPROCESSOR_DEFINITIONS = (
					"DEBUG=1",
					"$(inherited)",
				);
				GCC_WARN_64_TO_32_BIT_CONVERSION = YES;
				GCC_WARN_ABOUT_RETURN_TYPE = YES_ERROR;
				GCC_WARN_UNDECLARED_SELECTOR = YES;
				GCC_WARN_UNINITIALIZED_AUTOS = YES_AGGRESSIVE;
				GCC_WARN_UNUSED_FUNCTION = YES;
				GCC_WARN_UNUSED_VARIABLE = YES;
				IPHONEOS_DEPLOYMENT_TARGET = 13.2;
				MTL_ENABLE_DEBUG_INFO = INCLUDE_SOURCE;
				MTL_FAST_MATH = YES;
				ONLY_ACTIVE_ARCH = YES;
				SDKROOT = iphoneos;
				SWIFT_ACTIVE_COMPILATION_CONDITIONS = DEBUG;
				SWIFT_OPTIMIZATION_LEVEL = "-Onone";
			};
			name = Debug;
		};
		5B30C21923F1AA24001C20BD /* Release */ = {
			isa = XCBuildConfiguration;
			buildSettings = {
				ALWAYS_SEARCH_USER_PATHS = NO;
				CLANG_ANALYZER_NONNULL = YES;
				CLANG_ANALYZER_NUMBER_OBJECT_CONVERSION = YES_AGGRESSIVE;
				CLANG_CXX_LANGUAGE_STANDARD = "gnu++14";
				CLANG_CXX_LIBRARY = "libc++";
				CLANG_ENABLE_MODULES = YES;
				CLANG_ENABLE_OBJC_ARC = YES;
				CLANG_ENABLE_OBJC_WEAK = YES;
				CLANG_WARN_BLOCK_CAPTURE_AUTORELEASING = YES;
				CLANG_WARN_BOOL_CONVERSION = YES;
				CLANG_WARN_COMMA = YES;
				CLANG_WARN_CONSTANT_CONVERSION = YES;
				CLANG_WARN_DEPRECATED_OBJC_IMPLEMENTATIONS = YES;
				CLANG_WARN_DIRECT_OBJC_ISA_USAGE = YES_ERROR;
				CLANG_WARN_DOCUMENTATION_COMMENTS = YES;
				CLANG_WARN_EMPTY_BODY = YES;
				CLANG_WARN_ENUM_CONVERSION = YES;
				CLANG_WARN_INFINITE_RECURSION = YES;
				CLANG_WARN_INT_CONVERSION = YES;
				CLANG_WARN_NON_LITERAL_NULL_CONVERSION = YES;
				CLANG_WARN_OBJC_IMPLICIT_RETAIN_SELF = YES;
				CLANG_WARN_OBJC_LITERAL_CONVERSION = YES;
				CLANG_WARN_OBJC_ROOT_CLASS = YES_ERROR;
				CLANG_WARN_RANGE_LOOP_ANALYSIS = YES;
				CLANG_WARN_STRICT_PROTOTYPES = YES;
				CLANG_WARN_SUSPICIOUS_MOVE = YES;
				CLANG_WARN_UNGUARDED_AVAILABILITY = YES_AGGRESSIVE;
				CLANG_WARN_UNREACHABLE_CODE = YES;
				CLANG_WARN__DUPLICATE_METHOD_MATCH = YES;
				COPY_PHASE_STRIP = NO;
				DEBUG_INFORMATION_FORMAT = "dwarf-with-dsym";
				ENABLE_NS_ASSERTIONS = NO;
				ENABLE_STRICT_OBJC_MSGSEND = YES;
				GCC_C_LANGUAGE_STANDARD = gnu11;
				GCC_NO_COMMON_BLOCKS = YES;
				GCC_WARN_64_TO_32_BIT_CONVERSION = YES;
				GCC_WARN_ABOUT_RETURN_TYPE = YES_ERROR;
				GCC_WARN_UNDECLARED_SELECTOR = YES;
				GCC_WARN_UNINITIALIZED_AUTOS = YES_AGGRESSIVE;
				GCC_WARN_UNUSED_FUNCTION = YES;
				GCC_WARN_UNUSED_VARIABLE = YES;
				IPHONEOS_DEPLOYMENT_TARGET = 13.2;
				MTL_ENABLE_DEBUG_INFO = NO;
				MTL_FAST_MATH = YES;
				SDKROOT = iphoneos;
				SWIFT_COMPILATION_MODE = wholemodule;
				SWIFT_OPTIMIZATION_LEVEL = "-O";
				VALIDATE_PRODUCT = YES;
			};
			name = Release;
		};
		5B30C21B23F1AA24001C20BD /* Debug */ = {
			isa = XCBuildConfiguration;
			baseConfigurationReference = D287371E30CBDC24AC7347BD /* Pods-BMI.debug.xcconfig */;
			buildSettings = {
				ASSETCATALOG_COMPILER_APPICON_NAME = AppIcon;
				CODE_SIGN_STYLE = Automatic;
				DEVELOPMENT_TEAM = F8CHS6PHQS;
				INFOPLIST_FILE = BMI/Info.plist;
				IPHONEOS_DEPLOYMENT_TARGET = 13.0;
				LD_RUNPATH_SEARCH_PATHS = (
					"$(inherited)",
					"@executable_path/Frameworks",
				);
				PRODUCT_BUNDLE_IDENTIFIER = ak.BMI;
				PRODUCT_NAME = "$(TARGET_NAME)";
				SWIFT_VERSION = 5.0;
				TARGETED_DEVICE_FAMILY = "1,2";
			};
			name = Debug;
		};
		5B30C21C23F1AA24001C20BD /* Release */ = {
			isa = XCBuildConfiguration;
			baseConfigurationReference = A13D54EDFD38EE73F267FEF7 /* Pods-BMI.release.xcconfig */;
			buildSettings = {
				ASSETCATALOG_COMPILER_APPICON_NAME = AppIcon;
				CODE_SIGN_STYLE = Automatic;
				DEVELOPMENT_TEAM = F8CHS6PHQS;
				INFOPLIST_FILE = BMI/Info.plist;
				IPHONEOS_DEPLOYMENT_TARGET = 13.0;
				LD_RUNPATH_SEARCH_PATHS = (
					"$(inherited)",
					"@executable_path/Frameworks",
				);
				PRODUCT_BUNDLE_IDENTIFIER = ak.BMI;
				PRODUCT_NAME = "$(TARGET_NAME)";
				SWIFT_VERSION = 5.0;
				TARGETED_DEVICE_FAMILY = "1,2";
			};
			name = Release;
		};
/* End XCBuildConfiguration section */

/* Begin XCConfigurationList section */
		5B30C20123F1AA20001C20BD /* Build configuration list for PBXProject "BMI" */ = {
			isa = XCConfigurationList;
			buildConfigurations = (
				5B30C21823F1AA24001C20BD /* Debug */,
				5B30C21923F1AA24001C20BD /* Release */,
			);
			defaultConfigurationIsVisible = 0;
			defaultConfigurationName = Release;
		};
		5B30C21A23F1AA24001C20BD /* Build configuration list for PBXNativeTarget "BMI" */ = {
			isa = XCConfigurationList;
			buildConfigurations = (
				5B30C21B23F1AA24001C20BD /* Debug */,
				5B30C21C23F1AA24001C20BD /* Release */,
			);
			defaultConfigurationIsVisible = 0;
			defaultConfigurationName = Release;
		};
/* End XCConfigurationList section */
	};
	rootObject = 5B30C1FE23F1AA20001C20BD /* Project object */;
}
